
Microsoft Visual Studio Solution File, Format Version 12.00
# Visual Studio Version 17
VisualStudioVersion = 17.14.37203.1
MinimumVisualStudioVersion = 10.0.40219.1
Project("{FAE04EC0-301F-11D3-BF4B-00C04F79EFBC}") = "MISUP.Models", "MISUP.Models\MISUP.Models.csproj", "{6C9C92EB-57EC-4BEC-85D2-B33D47146A65}"
EndProject
Project("{FAE04EC0-301F-11D3-BF4B-00C04F79EFBC}") = "MISUP.ConsoleApp", "MISUP.ConsoleApp\MISUP.ConsoleApp.csproj", "{AF728843-30CB-454A-9218-A286D8EFDD80}"
EndProject
Project("{FAE04EC0-301F-11D3-BF4B-00C04F79EFBC}") = "MISUP.WinForms", "MISUP.WinForms\MISUP.WinForms.csproj", "{32FAC156-A590-4E56-83E0-FB5E02B41047}"
EndProject
Project("{FAE04EC0-301F-11D3-BF4B-00C04F79EFBC}") = "MISUP.DAL", "MISUP.DAL\MISUP.DAL.csproj", "{D7FF0C65-D629-45A5-98C6-C1147341B389}"
EndProject
Project("{FAE04EC0-301F-11D3-BF4B-00C04F79EFBC}") = "MISUP.BLL", "MISUP.BLL\MISUP.BLL.csproj", "{376558A9-0EEA-45F9-AF5B-3352B2FA0100}"
EndProject
Global
	GlobalSection(SolutionConfigurationPlatforms) = preSolution
		Debug|Any CPU = Debug|Any CPU
		Release|Any CPU = Release|Any CPU
	EndGlobalSection
	GlobalSection(ProjectConfigurationPlatforms) = postSolution
		{6C9C92EB-57EC-4BEC-85D2-B33D47146A65}.Debug|Any CPU.ActiveCfg = Debug|Any CPU
		{6C9C92EB-57EC-4BEC-85D2-B33D47146A65}.Debug|Any CPU.Build.0 = Debug|Any CPU
		{6C9C92EB-57EC-4BEC-85D2-B33D47146A65}.Release|Any CPU.ActiveCfg = Release|Any CPU
		{6C9C92EB-57EC-4BEC-85D2-B33D47146A65}.Release|Any CPU.Build.0 = Release|Any CPU
		{AF728843-30CB-454A-9218-A286D8EFDD80}.Debug|Any CPU.ActiveCfg = Debug|Any CPU
		{AF728843-30CB-454A-9218-A286D8EFDD80}.Debug|Any CPU.Build.0 = Debug|Any CPU
		{AF728843-30CB-454A-9218-A286D8EFDD80}.Release|Any CPU.ActiveCfg = Release|Any CPU
		{AF728843-30CB-454A-9218-A286D8EFDD80}.Release|Any CPU.Build.0 = Release|Any CPU
		{32FAC156-A590-4E56-83E0-FB5E02B41047}.Debug|Any CPU.ActiveCfg = Debug|Any CPU
		{32FAC156-A590-4E56-83E0-FB5E02B41047}.Debug|Any CPU.Build.0 = Debug|Any CPU
		{32FAC156-A590-4E56-83E0-FB5E02B41047}.Release|Any CPU.ActiveCfg = Release|Any CPU
		{32FAC156-A590-4E56-83E0-FB5E02B41047}.Release|Any CPU.Build.0 = Release|Any CPU
		{D7FF0C65-D629-45A5-98C6-C1147341B389}.Debug|Any CPU.ActiveCfg = Debug|Any CPU
		{D7FF0C65-D629-45A5-98C6-C1147341B389}.Debug|Any CPU.Build.0 = Debug|Any CPU
		{D7FF0C65-D629-45A5-98C6-C1147341B389}.Release|Any CPU.ActiveCfg = Release|Any CPU
		{D7FF0C65-D629-45A5-98C6-C1147341B389}.Release|Any CPU.Build.0 = Release|Any CPU
		{376558A9-0EEA-45F9-AF5B-3352B2FA0100}.Debug|Any CPU.ActiveCfg = Debug|Any CPU
		{376558A9-0EEA-45F9-AF5B-3352B2FA0100}.Debug|Any CPU.Build.0 = Debug|Any CPU
		{376558A9-0EEA-45F9-AF5B-3352B2FA0100}.Release|Any CPU.ActiveCfg = Release|Any CPU
		{376558A9-0EEA-45F9-AF5B-3352B2FA0100}.Release|Any CPU.Build.0 = Release|Any CPU
	EndGlobalSection
	GlobalSection(SolutionProperties) = preSolution
		HideSolutionNode = FALSE
	EndGlobalSection
	GlobalSection(ExtensibilityGlobals) = postSolution
		SolutionGuid = {4D730336-78F4-4AA5-8597-F0B5050AC55F}
	EndGlobalSection
EndGlobal
